
Microsoft Visual Studio Solution File, Format Version 12.00
# Visual Studio Version 17
VisualStudioVersion = 17.4.33205.214
MinimumVisualStudioVersion = 10.0.40219.1
Project("{FAE04EC0-301F-11D3-BF4B-00C04F79EFBC}") = "Stack Implementation using CSharp", "Stack Implementation using CSharp.csproj", "{B5FC5691-3185-42BE-832A-90007823153E}"
EndProject
Global
	GlobalSection(SolutionConfigurationPlatforms) = preSolution
		Debug|Any CPU = Debug|Any CPU
		Release|Any CPU = Release|Any CPU
	EndGlobalSection
	GlobalSection(ProjectConfigurationPlatforms) = postSolution
		{B5FC5691-3185-42BE-832A-90007823153E}.Debug|Any CPU.ActiveCfg = Debug|Any CPU
		{B5FC5691-3185-42BE-832A-90007823153E}.Debug|Any CPU.Build.0 = Debug|Any CPU
		{B5FC5691-3185-42BE-832A-90007823153E}.Release|Any CPU.ActiveCfg = Release|Any CPU
		{B5FC5691-3185-42BE-832A-90007823153E}.Release|Any CPU.Build.0 = Release|Any CPU
	EndGlobalSection
	GlobalSection(SolutionProperties) = preSolution
		HideSolutionNode = FALSE
	EndGlobalSection
	GlobalSection(ExtensibilityGlobals) = postSolution
		SolutionGuid = {2CE79905-3C7B-42FB-9443-95CDDEE6DE2E}
	EndGlobalSection
EndGlobal
